
Microsoft Visual Studio Solution File, Format Version 12.00
# Visual Studio Version 16
VisualStudioVersion = 16.0.30114.105
MinimumVisualStudioVersion = 10.0.40219.1
Project("{2150E333-8FDC-42A3-9474-1A3956D46DE8}") = "src", "src", "{4674D470-9594-41A3-9D34-C499111E0475}"
EndProject
Project("{FAE04EC0-301F-11D3-BF4B-00C04F79EFBC}") = "LeetCode.Problems", "src\LeetCode.Problems\LeetCode.Problems.csproj", "{40468CC6-E1A4-4EEB-AC7C-A0917E214AD3}"
EndProject
Project("{FAE04EC0-301F-11D3-BF4B-00C04F79EFBC}") = "LeetCode.Tests", "src\LeetCode.Tests\LeetCode.Tests.csproj", "{C33AB008-FE6D-4562-8326-C4883018594F}"
EndProject
Global
	GlobalSection(SolutionConfigurationPlatforms) = preSolution
		Debug|Any CPU = Debug|Any CPU
		Release|Any CPU = Release|Any CPU
	EndGlobalSection
	GlobalSection(SolutionProperties) = preSolution
		HideSolutionNode = FALSE
	EndGlobalSection
	GlobalSection(ProjectConfigurationPlatforms) = postSolution
		{40468CC6-E1A4-4EEB-AC7C-A0917E214AD3}.Debug|Any CPU.ActiveCfg = Debug|Any CPU
		{40468CC6-E1A4-4EEB-AC7C-A0917E214AD3}.Debug|Any CPU.Build.0 = Debug|Any CPU
		{40468CC6-E1A4-4EEB-AC7C-A0917E214AD3}.Release|Any CPU.ActiveCfg = Release|Any CPU
		{40468CC6-E1A4-4EEB-AC7C-A0917E214AD3}.Release|Any CPU.Build.0 = Release|Any CPU
		{C33AB008-FE6D-4562-8326-C4883018594F}.Debug|Any CPU.ActiveCfg = Debug|Any CPU
		{C33AB008-FE6D-4562-8326-C4883018594F}.Debug|Any CPU.Build.0 = Debug|Any CPU
		{C33AB008-FE6D-4562-8326-C4883018594F}.Release|Any CPU.ActiveCfg = Release|Any CPU
		{C33AB008-FE6D-4562-8326-C4883018594F}.Release|Any CPU.Build.0 = Release|Any CPU
	EndGlobalSection
	GlobalSection(NestedProjects) = preSolution
		{40468CC6-E1A4-4EEB-AC7C-A0917E214AD3} = {4674D470-9594-41A3-9D34-C499111E0475}
		{C33AB008-FE6D-4562-8326-C4883018594F} = {4674D470-9594-41A3-9D34-C499111E0475}
	EndGlobalSection
EndGlobal
